
Microsoft Visual Studio Solution File, Format Version 12.00
# Visual Studio Version 17
VisualStudioVersion = 17.14.37111.16 d17.14
MinimumVisualStudioVersion = 10.0.40219.1
Project("{FAE04EC0-301F-11D3-BF4B-00C04F79EFBC}") = "SmartStudyBuddy", "SmartStudyBuddy\SmartStudyBuddy.csproj", "{D3EBC684-46A8-494F-AE33-85541A42458C}"
EndProject
Global
	GlobalSection(SolutionConfigurationPlatforms) = preSolution
		Debug|Any CPU = Debug|Any CPU
		Release|Any CPU = Release|Any CPU
	EndGlobalSection
	GlobalSection(ProjectConfigurationPlatforms) = postSolution
		{D3EBC684-46A8-494F-AE33-85541A42458C}.Debug|Any CPU.ActiveCfg = Debug|Any CPU
		{D3EBC684-46A8-494F-AE33-85541A42458C}.Debug|Any CPU.Build.0 = Debug|Any CPU
		{D3EBC684-46A8-494F-AE33-85541A42458C}.Release|Any CPU.ActiveCfg = Release|Any CPU
		{D3EBC684-46A8-494F-AE33-85541A42458C}.Release|Any CPU.Build.0 = Release|Any CPU
	EndGlobalSection
	GlobalSection(SolutionProperties) = preSolution
		HideSolutionNode = FALSE
	EndGlobalSection
	GlobalSection(ExtensibilityGlobals) = postSolution
		SolutionGuid = {88089BF4-FACE-452B-AADD-9618FEC8EB85}
	EndGlobalSection
EndGlobal
